
Microsoft Visual Studio Solution File, Format Version 12.00
# Visual Studio Version 17
VisualStudioVersion = 17.9.34728.123
MinimumVisualStudioVersion = 10.0.40219.1
Project("{FAE04EC0-301F-11D3-BF4B-00C04F79EFBC}") = "5by5_ImprimindoVetores", "5by5_ImprimindoVetores\5by5_ImprimindoVetores.csproj", "{0B59444A-E4ED-4021-B93A-6C733ABCC348}"
EndProject
Global
	GlobalSection(SolutionConfigurationPlatforms) = preSolution
		Debug|Any CPU = Debug|Any CPU
		Release|Any CPU = Release|Any CPU
	EndGlobalSection
	GlobalSection(ProjectConfigurationPlatforms) = postSolution
		{0B59444A-E4ED-4021-B93A-6C733ABCC348}.Debug|Any CPU.ActiveCfg = Debug|Any CPU
		{0B59444A-E4ED-4021-B93A-6C733ABCC348}.Debug|Any CPU.Build.0 = Debug|Any CPU
		{0B59444A-E4ED-4021-B93A-6C733ABCC348}.Release|Any CPU.ActiveCfg = Release|Any CPU
		{0B59444A-E4ED-4021-B93A-6C733ABCC348}.Release|Any CPU.Build.0 = Release|Any CPU
	EndGlobalSection
	GlobalSection(SolutionProperties) = preSolution
		HideSolutionNode = FALSE
	EndGlobalSection
	GlobalSection(ExtensibilityGlobals) = postSolution
		SolutionGuid = {7A3041BE-215A-46AE-BFE1-87E2289A3270}
	EndGlobalSection
EndGlobal
